// !$*UTF8*$!
{
	archiveVersion = 1;
	classes = {
	};
	objectVersion = 46;
	objects = {

/* Begin PBXBuildFile section */
		DEDF6A871D4501E5006444F2 /* AppDelegate.swift in Sources */ = {isa = PBXBuildFile; fileRef = DEDF6A861D4501E5006444F2 /* AppDelegate.swift */; };
		DEDF6A891D4501E5006444F2 /* ViewController.swift in Sources */ = {isa = PBXBuildFile; fileRef = DEDF6A881D4501E5006444F2 /* ViewController.swift */; };
		DEDF6A8C1D4501E5006444F2 /* Main.storyboard in Resources */ = {isa = PBXBuildFile; fileRef = DEDF6A8A1D4501E5006444F2 /* Main.storyboard */; };
		DEDF6A8F1D4501E5006444F2 /* foodiez.xcdatamodeld in Sources */ = {isa = PBXBuildFile; fileRef = DEDF6A8D1D4501E5006444F2 /* foodiez.xcdatamodeld */; };
		DEDF6A911D4501E5006444F2 /* Assets.xcassets in Resources */ = {isa = PBXBuildFile; fileRef = DEDF6A901D4501E5006444F2 /* Assets.xcassets */; };
		DEDF6A941D4501E5006444F2 /* LaunchScreen.storyboard in Resources */ = {isa = PBXBuildFile; fileRef = DEDF6A921D4501E5006444F2 /* LaunchScreen.storyboard */; };
		DEDF6AA21D45201F006444F2 /* Recipe.swift in Sources */ = {isa = PBXBuildFile; fileRef = DEDF6AA01D45201F006444F2 /* Recipe.swift */; };
		DEDF6AA41D452475006444F2 /* RecipeCell.swift in Sources */ = {isa = PBXBuildFile; fileRef = DEDF6AA31D452475006444F2 /* RecipeCell.swift */; };
		DEFFE1671D5647B600A37327 /* Recipe+CoreDataProperties.swift in Sources */ = {isa = PBXBuildFile; fileRef = DEFFE1661D5647B600A37327 /* Recipe+CoreDataProperties.swift */; };
		DEFFE1691D564BEE00A37327 /* CreateRecipeVC.swift in Sources */ = {isa = PBXBuildFile; fileRef = DEFFE1681D564BEE00A37327 /* CreateRecipeVC.swift */; };
/* End PBXBuildFile section */

/* Begin PBXFileReference section */
		DEDF6A831D4501E4006444F2 /* foodiez.app */ = {isa = PBXFileReference; explicitFileType = wrapper.application; includeInIndex = 0; path = foodiez.app; sourceTree = BUILT_PRODUCTS_DIR; };
		DEDF6A861D4501E5006444F2 /* AppDelegate.swift */ = {isa = PBXFileReference; lastKnownFileType = sourcecode.swift; path = AppDelegate.swift; sourceTree = "<group>"; };
		DEDF6A881D4501E5006444F2 /* ViewController.swift */ = {isa = PBXFileReference; lastKnownFileType = sourcecode.swift; path = ViewController.swift; sourceTree = "<group>"; };
		DEDF6A8B1D4501E5006444F2 /* Base */ = {isa = PBXFileReference; lastKnownFileType = file.storyboard; name = Base; path = Base.lproj/Main.storyboard; sourceTree = "<group>"; };
		DEDF6A8E1D4501E5006444F2 /* foodiez.xcdatamodel */ = {isa = PBXFileReference; lastKnownFileType = wrapper.xcdatamodel; path = foodiez.xcdatamodel; sourceTree = "<group>"; };
		DEDF6A901D4501E5006444F2 /* Assets.xcassets */ = {isa = PBXFileReference; lastKnownFileType = folder.assetcatalog; path = Assets.xcassets; sourceTree = "<group>"; };
		DEDF6A931D4501E5006444F2 /* Base */ = {isa = PBXFileReference; lastKnownFileType = file.storyboard; name = Base; path = Base.lproj/LaunchScreen.storyboard; sourceTree = "<group>"; };
		DEDF6A951D4501E5006444F2 /* Info.plist */ = {isa = PBXFileReference; lastKnownFileType = text.plist.xml; path = Info.plist; sourceTree = "<group>"; };
		DEDF6AA01D45201F006444F2 /* Recipe.swift */ = {isa = PBXFileReference; fileEncoding = 4; lastKnownFileType = sourcecode.swift; name = Recipe.swift; path = ../Recipe.swift; sourceTree = "<group>"; };
		DEDF6AA31D452475006444F2 /* RecipeCell.swift */ = {isa = PBXFileReference; fileEncoding = 4; lastKnownFileType = sourcecode.swift; path = RecipeCell.swift; sourceTree = "<group>"; };
		DEFFE1661D5647B600A37327 /* Recipe+CoreDataProperties.swift */ = {isa = PBXFileReference; fileEncoding = 4; lastKnownFileType = sourcecode.swift; name = "Recipe+CoreDataProperties.swift"; path = "../Recipe+CoreDataProperties.swift"; sourceTree = "<group>"; };
		DEFFE1681D564BEE00A37327 /* CreateRecipeVC.swift */ = {isa = PBXFileReference; fileEncoding = 4; lastKnownFileType = sourcecode.swift; path = CreateRecipeVC.swift; sourceTree = "<group>"; };
/* End PBXFileReference section */

/* Begin PBXFrameworksBuildPhase section */
		DEDF6A801D4501E4006444F2 /* Frameworks */ = {
			isa = PBXFrameworksBuildPhase;
			buildActionMask = 2147483647;
			files = (
			);
			runOnlyForDeploymentPostprocessing = 0;
		};
/* End PBXFrameworksBuildPhase section */

/* Begin PBXGroup section */
		DEDF6A7A1D4501E4006444F2 = {
			isa = PBXGroup;
			children = (
				DEDF6A851D4501E5006444F2 /* foodiez */,
				DEDF6A841D4501E4006444F2 /* Products */,
			);
			sourceTree = "<group>";
		};
		DEDF6A841D4501E4006444F2 /* Products */ = {
			isa = PBXGroup;
			children = (
				DEDF6A831D4501E4006444F2 /* foodiez.app */,
			);
			name = Products;
			sourceTree = "<group>";
		};
		DEDF6A851D4501E5006444F2 /* foodiez */ = {
			isa = PBXGroup;
			children = (
				DEDF6A9E1D451FCB006444F2 /* view */,
				DEDF6A9D1D451FA6006444F2 /* controller */,
				DEDF6A9B1D451F5C006444F2 /* model */,
				DEDF6A861D4501E5006444F2 /* AppDelegate.swift */,
				DEDF6A8A1D4501E5006444F2 /* Main.storyboard */,
				DEDF6A901D4501E5006444F2 /* Assets.xcassets */,
				DEDF6A921D4501E5006444F2 /* LaunchScreen.storyboard */,
				DEDF6A951D4501E5006444F2 /* Info.plist */,
				DEDF6A8D1D4501E5006444F2 /* foodiez.xcdatamodeld */,
			);
			path = foodiez;
			sourceTree = "<group>";
		};
		DEDF6A9B1D451F5C006444F2 /* model */ = {
			isa = PBXGroup;
			children = (
				DEFFE1661D5647B600A37327 /* Recipe+CoreDataProperties.swift */,
				DEDF6AA01D45201F006444F2 /* Recipe.swift */,
			);
			name = model;
			sourceTree = "<group>";
		};
		DEDF6A9D1D451FA6006444F2 /* controller */ = {
			isa = PBXGroup;
			children = (
				DEDF6A881D4501E5006444F2 /* ViewController.swift */,
				DEFFE1681D564BEE00A37327 /* CreateRecipeVC.swift */,
			);
			name = controller;
			sourceTree = "<group>";
		};
		DEDF6A9E1D451FCB006444F2 /* view */ = {
			isa = PBXGroup;
			children = (
				DEDF6AA31D452475006444F2 /* RecipeCell.swift */,
			);
			name = view;
			sourceTree = "<group>";
		};
/* End PBXGroup section */

/* Begin PBXNativeTarget section */
		DEDF6A821D4501E4006444F2 /* foodiez */ = {
			isa = PBXNativeTarget;
			buildConfigurationList = DEDF6A981D4501E5006444F2 /* Build configuration list for PBXNativeTarget "foodiez" */;
			buildPhases = (
				DEDF6A7F1D4501E4006444F2 /* Sources */,
				DEDF6A801D4501E4006444F2 /* Frameworks */,
				DEDF6A811D4501E4006444F2 /* Resources */,
			);
			buildRules = (
			);
			dependencies = (
			);
			name = foodiez;
			productName = foodiez;
			productReference = DEDF6A831D4501E4006444F2 /* foodiez.app */;
			productType = "com.apple.product-type.application";
		};
/* End PBXNativeTarget section */

/* Begin PBXProject section */
		DEDF6A7B1D4501E4006444F2 /* Project object */ = {
			isa = PBXProject;
			attributes = {
				LastSwiftUpdateCheck = 0730;
				LastUpgradeCheck = 0730;
				ORGANIZATIONNAME = newmediatechies;
				TargetAttributes = {
					DEDF6A821D4501E4006444F2 = {
						CreatedOnToolsVersion = 7.3.1;
					};
				};
			};
			buildConfigurationList = DEDF6A7E1D4501E4006444F2 /* Build configuration list for PBXProject "foodiez" */;
			compatibilityVersion = "Xcode 3.2";
			developmentRegion = English;
			hasScannedForEncodings = 0;
			knownRegions = (
				en,
				Base,
			);
			mainGroup = DEDF6A7A1D4501E4006444F2;
			productRefGroup = DEDF6A841D4501E4006444F2 /* Products */;
			projectDirPath = "";
			projectRoot = "";
			targets = (
				DEDF6A821D4501E4006444F2 /* foodiez */,
			);
		};
/* End PBXProject section */

/* Begin PBXResourcesBuildPhase section */
		DEDF6A811D4501E4006444F2 /* Resources */ = {
			isa = PBXResourcesBuildPhase;
			buildActionMask = 2147483647;
			files = (
				DEDF6A941D4501E5006444F2 /* LaunchScreen.storyboard in Resources */,
				DEDF6A911D4501E5006444F2 /* Assets.xcassets in Resources */,
				DEDF6A8C1D4501E5006444F2 /* Main.storyboard in Resources */,
			);
			runOnlyForDeploymentPostprocessing = 0;
		};
/* End PBXResourcesBuildPhase section */

/* Begin PBXSourcesBuildPhase section */
		DEDF6A7F1D4501E4006444F2 /* Sources */ = {
			isa = PBXSourcesBuildPhase;
			buildActionMask = 2147483647;
			files = (
				DEDF6A891D4501E5006444F2 /* ViewController.swift in Sources */,
				DEDF6A871D4501E5006444F2 /* AppDelegate.swift in Sources */,
				DEDF6AA41D452475006444F2 /* RecipeCell.swift in Sources */,
				DEFFE1671D5647B600A37327 /* Recipe+CoreDataProperties.swift in Sources */,
				DEFFE1691D564BEE00A37327 /* CreateRecipeVC.swift in Sources */,
				DEDF6A8F1D4501E5006444F2 /* foodiez.xcdatamodeld in Sources */,
				DEDF6AA21D45201F006444F2 /* Recipe.swift in Sources */,
			);
			runOnlyForDeploymentPostprocessing = 0;
		};
/* End PBXSourcesBuildPhase section */

/* Begin PBXVariantGroup section */
		DEDF6A8A1D4501E5006444F2 /* Main.storyboard */ = {
			isa = PBXVariantGroup;
			children = (
				DEDF6A8B1D4501E5006444F2 /* Base */,
			);
			name = Main.storyboard;
			sourceTree = "<group>";
		};
		DEDF6A921D4501E5006444F2 /* LaunchScreen.storyboard */ = {
			isa = PBXVariantGroup;
			children = (
				DEDF6A931D4501E5006444F2 /* Base */,
			);
			name = LaunchScreen.storyboard;
			sourceTree = "<group>";
		};
/* End PBXVariantGroup section */

/* Begin XCBuildConfiguration section */
		DEDF6A961D4501E5006444F2 /* Debug */ = {
			isa = XCBuildConfiguration;
			buildSettings = {
				ALWAYS_SEARCH_USER_PATHS = NO;
				CLANG_ANALYZER_NONNULL = YES;
				CLANG_CXX_LANGUAGE_STANDARD = "gnu++0x";
				CLANG_CXX_LIBRARY = "libc++";
				CLANG_ENABLE_MODULES = YES;
				CLANG_ENABLE_OBJC_ARC = YES;
				CLANG_WARN_BOOL_CONVERSION = YES;
				CLANG_WARN_CONSTANT_CONVERSION = YES;
				CLANG_WARN_DIRECT_OBJC_ISA_USAGE = YES_ERROR;
				CLANG_WARN_EMPTY_BODY = YES;
				CLANG_WARN_ENUM_CONVERSION = YES;
				CLANG_WARN_INT_CONVERSION = YES;
				CLANG_WARN_OBJC_ROOT_CLASS = YES_ERROR;
				CLANG_WARN_UNREACHABLE_CODE = YES;
				CLANG_WARN__DUPLICATE_METHOD_MATCH = YES;
				"CODE_SIGN_IDENTITY[sdk=iphoneos*]" = "iPhone Developer";
				COPY_PHASE_STRIP = NO;
				DEBUG_INFORMATION_FORMAT = dwarf;
				ENABLE_STRICT_OBJC_MSGSEND = YES;
				ENABLE_TESTABILITY = YES;
				GCC_C_LANGUAGE_STANDARD = gnu99;
				GCC_DYNAMIC_NO_PIC = NO;
				GCC_NO_COMMON_BLOCKS = YES;
				GCC_OPTIMIZATION_LEVEL = 0;
				GCC_PREPROCESSOR_DEFINITIONS = (
					"DEBUG=1",
					"$(inherited)",
				);
				GCC_WARN_64_TO_32_BIT_CONVERSION = YES;
				GCC_WARN_ABOUT_RETURN_TYPE = YES_ERROR;
				GCC_WARN_UNDECLARED_SELECTOR = YES;
				GCC_WARN_UNINITIALIZED_AUTOS = YES_AGGRESSIVE;
				GCC_WARN_UNUSED_FUNCTION = YES;
				GCC_WARN_UNUSED_VARIABLE = YES;
				IPHONEOS_DEPLOYMENT_TARGET = 9.3;
				MTL_ENABLE_DEBUG_INFO = YES;
				ONLY_ACTIVE_ARCH = YES;
				SDKROOT = iphoneos;
				SWIFT_OPTIMIZATION_LEVEL = "-Onone";
			};
			name = Debug;
		};
		DEDF6A971D4501E5006444F2 /* Release */ = {
			isa = XCBuildConfiguration;
			buildSettings = {
				ALWAYS_SEARCH_USER_PATHS = NO;
				CLANG_ANALYZER_NONNULL = YES;
				CLANG_CXX_LANGUAGE_STANDARD = "gnu++0x";
				CLANG_CXX_LIBRARY = "libc++";
				CLANG_ENABLE_MODULES = YES;
				CLANG_ENABLE_OBJC_ARC = YES;
				CLANG_WARN_BOOL_CONVERSION = YES;
				CLANG_WARN_CONSTANT_CONVERSION = YES;
				CLANG_WARN_DIRECT_OBJC_ISA_USAGE = YES_ERROR;
				CLANG_WARN_EMPTY_BODY = YES;
				CLANG_WARN_ENUM_CONVERSION = YES;
				CLANG_WARN_INT_CONVERSION = YES;
				CLANG_WARN_OBJC_ROOT_CLASS = YES_ERROR;
				CLANG_WARN_UNREACHABLE_CODE = YES;
				CLANG_WARN__DUPLICATE_METHOD_MATCH = YES;
				"CODE_SIGN_IDENTITY[sdk=iphoneos*]" = "iPhone Developer";
				COPY_PHASE_STRIP = NO;
				DEBUG_INFORMATION_FORMAT = "dwarf-with-dsym";
				ENABLE_NS_ASSERTIONS = NO;
				ENABLE_STRICT_OBJC_MSGSEND = YES;
				GCC_C_LANGUAGE_STANDARD = gnu99;
				GCC_NO_COMMON_BLOCKS = YES;
				GCC_WARN_64_TO_32_BIT_CONVERSION = YES;
				GCC_WARN_ABOUT_RETURN_TYPE = YES_ERROR;
				GCC_WARN_UNDECLARED_SELECTOR = YES;
				GCC_WARN_UNINITIALIZED_AUTOS = YES_AGGRESSIVE;
				GCC_WARN_UNUSED_FUNCTION = YES;
				GCC_WARN_UNUSED_VARIABLE = YES;
				IPHONEOS_DEPLOYMENT_TARGET = 9.3;
				MTL_ENABLE_DEBUG_INFO = NO;
				SDKROOT = iphoneos;
				VALIDATE_PRODUCT = YES;
			};
			name = Release;
		};
		DEDF6A991D4501E5006444F2 /* Debug */ = {
			isa = XCBuildConfiguration;
			buildSettings = {
				ASSETCATALOG_COMPILER_APPICON_NAME = AppIcon;
				INFOPLIST_FILE = foodiez/Info.plist;
				LD_RUNPATH_SEARCH_PATHS = "$(inherited) @executable_path/Frameworks";
				PRODUCT_BUNDLE_IDENTIFIER = NewMediaTechies.foodiez;
				PRODUCT_NAME = "$(TARGET_NAME)";
			};
			name = Debug;
		};
		DEDF6A9A1D4501E5006444F2 /* Release */ = {
			isa = XCBuildConfiguration;
			buildSettings = {
				ASSETCATALOG_COMPILER_APPICON_NAME = AppIcon;
				INFOPLIST_FILE = foodiez/Info.plist;
				LD_RUNPATH_SEARCH_PATHS = "$(inherited) @executable_path/Frameworks";
				PRODUCT_BUNDLE_IDENTIFIER = NewMediaTechies.foodiez;
				PRODUCT_NAME = "$(TARGET_NAME)";
			};
			name = Release;
		};
/* End XCBuildConfiguration section */

/* Begin XCConfigurationList section */
		DEDF6A7E1D4501E4006444F2 /* Build configuration list for PBXProject "foodiez" */ = {
			isa = XCConfigurationList;
			buildConfigurations = (
				DEDF6A961D4501E5006444F2 /* Debug */,
				DEDF6A971D4501E5006444F2 /* Release */,
			);
			defaultConfigurationIsVisible = 0;
			defaultConfigurationName = Release;
		};
		DEDF6A981D4501E5006444F2 /* Build configuration list for PBXNativeTarget "foodiez" */ = {
			isa = XCConfigurationList;
			buildConfigurations = (
				DEDF6A991D4501E5006444F2 /* Debug */,
				DEDF6A9A1D4501E5006444F2 /* Release */,
			);
			defaultConfigurationIsVisible = 0;
			defaultConfigurationName = Release;
		};
/* End XCConfigurationList section */

/* Begin XCVersionGroup section */
		DEDF6A8D1D4501E5006444F2 /* foodiez.xcdatamodeld */ = {
			isa = XCVersionGroup;
			children = (
				DEDF6A8E1D4501E5006444F2 /* foodiez.xcdatamodel */,
			);
			currentVersion = DEDF6A8E1D4501E5006444F2 /* foodiez.xcdatamodel */;
			path = foodiez.xcdatamodeld;
			sourceTree = "<group>";
			versionGroupType = wrapper.xcdatamodel;
		};
/* End XCVersionGroup section */
	};
	rootObject = DEDF6A7B1D4501E4006444F2 /* Project object */;
}
